
Microsoft Visual Studio Solution File, Format Version 12.00
# Visual Studio 15
VisualStudioVersion = 15.0.26430.16
MinimumVisualStudioVersion = 10.0.40219.1
Project("{8BC9CEB8-8B4A-11D0-8D11-00A0C91BC942}") = "Math", "mgl\Math\Math.vcxproj", "{85EC2964-DE12-4A7E-8CC6-8608E8EB32CC}"
EndProject
Project("{8BC9CEB8-8B4A-11D0-8D11-00A0C91BC942}") = "Windows", "mgl\Windows\Windows.vcxproj", "{D0604608-5D0A-4320-AABA-270DC712EDE1}"
EndProject
Project("{8BC9CEB8-8B4A-11D0-8D11-00A0C91BC942}") = "SharedHeaders", "mgl\SharedHeaders\SharedHeaders.vcxproj", "{7097B003-9D8B-453E-A35B-3DB7289C240D}"
EndProject
Project("{8BC9CEB8-8B4A-11D0-8D11-00A0C91BC942}") = "Primitive", "mgl\Primitive\Primitive.vcxproj", "{E02ADA57-4AB9-450F-B371-D4B1A3D80C53}"
EndProject
Project("{8BC9CEB8-8B4A-11D0-8D11-00A0C91BC942}") = "Events", "mgl\Events\Events.vcxproj", "{20C402A4-8D5A-4920-AB99-AE7AFC89538F}"
EndProject
Project("{8BC9CEB8-8B4A-11D0-8D11-00A0C91BC942}") = "Default", "mgl\Default\Default.vcxproj", "{F6A0F4D9-E470-42BA-9C57-F9FD95C01C6A}"
EndProject
Project("{8BC9CEB8-8B4A-11D0-8D11-00A0C91BC942}") = "MyGraphicsLibrary", "mgl\MyGraphicsLibrary\MyGraphicsLibrary.vcxproj", "{7628CEAD-492C-4E8A-BF05-39E2EC369B05}"
EndProject
Project("{2150E333-8FDC-42A3-9474-1A3956D46DE8}") = "OpenGL", "mgl\OpenGL", "{64CE4F25-D729-4B44-B1C4-6B8D369A9B4C}"
EndProject
Project("{8BC9CEB8-8B4A-11D0-8D11-00A0C91BC942}") = "ClassesMirror", "mgl\OpenGL\ClassesMirror\ClassesMirror.vcxproj", "{F2323EA4-C437-4A17-A620-799E88D0AD89}"
EndProject
Project("{8BC9CEB8-8B4A-11D0-8D11-00A0C91BC942}") = "EnumsMirror", "mgl\OpenGL\EnumsMirror\EnumsMirror.vcxproj", "{3B48CF5B-97C0-43D0-A21F-57377DD93DAF}"
EndProject
Project("{8BC9CEB8-8B4A-11D0-8D11-00A0C91BC942}") = "FunctionsMirror", "mgl\OpenGL\FunctionsMirror\FunctionsMirror.vcxproj", "{0A189A93-B2C6-4C2C-9F31-F764C995D2D9}"
EndProject
Project("{8BC9CEB8-8B4A-11D0-8D11-00A0C91BC942}") = "OpenGL_Dependency", "mgl\OpenGL\OpenGL_Dependency\OpenGL_Dependency.vcxproj", "{14BE552E-A4ED-49B7-9301-F43A206AF594}"
EndProject
Global
	GlobalSection(SolutionConfigurationPlatforms) = preSolution
		Debug|x64 = Debug|x64
		Debug|x86 = Debug|x86
		Release|x64 = Release|x64
		Release|x86 = Release|x86
	EndGlobalSection
	GlobalSection(ProjectConfigurationPlatforms) = postSolution
		{85EC2964-DE12-4A7E-8CC6-8608E8EB32CC}.Debug|x64.ActiveCfg = Debug|x64
		{85EC2964-DE12-4A7E-8CC6-8608E8EB32CC}.Debug|x64.Build.0 = Debug|x64
		{85EC2964-DE12-4A7E-8CC6-8608E8EB32CC}.Debug|x86.ActiveCfg = Debug|Win32
		{85EC2964-DE12-4A7E-8CC6-8608E8EB32CC}.Debug|x86.Build.0 = Debug|Win32
		{85EC2964-DE12-4A7E-8CC6-8608E8EB32CC}.Release|x64.ActiveCfg = Release|x64
		{85EC2964-DE12-4A7E-8CC6-8608E8EB32CC}.Release|x64.Build.0 = Release|x64
		{85EC2964-DE12-4A7E-8CC6-8608E8EB32CC}.Release|x86.ActiveCfg = Release|Win32
		{85EC2964-DE12-4A7E-8CC6-8608E8EB32CC}.Release|x86.Build.0 = Release|Win32
		{D0604608-5D0A-4320-AABA-270DC712EDE1}.Debug|x64.ActiveCfg = Debug|x64
		{D0604608-5D0A-4320-AABA-270DC712EDE1}.Debug|x64.Build.0 = Debug|x64
		{D0604608-5D0A-4320-AABA-270DC712EDE1}.Debug|x86.ActiveCfg = Debug|Win32
		{D0604608-5D0A-4320-AABA-270DC712EDE1}.Debug|x86.Build.0 = Debug|Win32
		{D0604608-5D0A-4320-AABA-270DC712EDE1}.Release|x64.ActiveCfg = Release|x64
		{D0604608-5D0A-4320-AABA-270DC712EDE1}.Release|x64.Build.0 = Release|x64
		{D0604608-5D0A-4320-AABA-270DC712EDE1}.Release|x86.ActiveCfg = Release|Win32
		{D0604608-5D0A-4320-AABA-270DC712EDE1}.Release|x86.Build.0 = Release|Win32
		{7097B003-9D8B-453E-A35B-3DB7289C240D}.Debug|x64.ActiveCfg = Debug|x64
		{7097B003-9D8B-453E-A35B-3DB7289C240D}.Debug|x64.Build.0 = Debug|x64
		{7097B003-9D8B-453E-A35B-3DB7289C240D}.Debug|x86.ActiveCfg = Debug|Win32
		{7097B003-9D8B-453E-A35B-3DB7289C240D}.Debug|x86.Build.0 = Debug|Win32
		{7097B003-9D8B-453E-A35B-3DB7289C240D}.Release|x64.ActiveCfg = Release|x64
		{7097B003-9D8B-453E-A35B-3DB7289C240D}.Release|x64.Build.0 = Release|x64
		{7097B003-9D8B-453E-A35B-3DB7289C240D}.Release|x86.ActiveCfg = Release|Win32
		{7097B003-9D8B-453E-A35B-3DB7289C240D}.Release|x86.Build.0 = Release|Win32
		{E02ADA57-4AB9-450F-B371-D4B1A3D80C53}.Debug|x64.ActiveCfg = Debug|x64
		{E02ADA57-4AB9-450F-B371-D4B1A3D80C53}.Debug|x64.Build.0 = Debug|x64
		{E02ADA57-4AB9-450F-B371-D4B1A3D80C53}.Debug|x86.ActiveCfg = Debug|Win32
		{E02ADA57-4AB9-450F-B371-D4B1A3D80C53}.Debug|x86.Build.0 = Debug|Win32
		{E02ADA57-4AB9-450F-B371-D4B1A3D80C53}.Release|x64.ActiveCfg = Release|x64
		{E02ADA57-4AB9-450F-B371-D4B1A3D80C53}.Release|x64.Build.0 = Release|x64
		{E02ADA57-4AB9-450F-B371-D4B1A3D80C53}.Release|x86.ActiveCfg = Release|Win32
		{E02ADA57-4AB9-450F-B371-D4B1A3D80C53}.Release|x86.Build.0 = Release|Win32
		{20C402A4-8D5A-4920-AB99-AE7AFC89538F}.Debug|x64.ActiveCfg = Debug|x64
		{20C402A4-8D5A-4920-AB99-AE7AFC89538F}.Debug|x64.Build.0 = Debug|x64
		{20C402A4-8D5A-4920-AB99-AE7AFC89538F}.Debug|x86.ActiveCfg = Debug|Win32
		{20C402A4-8D5A-4920-AB99-AE7AFC89538F}.Debug|x86.Build.0 = Debug|Win32
		{20C402A4-8D5A-4920-AB99-AE7AFC89538F}.Release|x64.ActiveCfg = Release|x64
		{20C402A4-8D5A-4920-AB99-AE7AFC89538F}.Release|x64.Build.0 = Release|x64
		{20C402A4-8D5A-4920-AB99-AE7AFC89538F}.Release|x86.ActiveCfg = Release|Win32
		{20C402A4-8D5A-4920-AB99-AE7AFC89538F}.Release|x86.Build.0 = Release|Win32
		{F6A0F4D9-E470-42BA-9C57-F9FD95C01C6A}.Debug|x64.ActiveCfg = Debug|x64
		{F6A0F4D9-E470-42BA-9C57-F9FD95C01C6A}.Debug|x64.Build.0 = Debug|x64
		{F6A0F4D9-E470-42BA-9C57-F9FD95C01C6A}.Debug|x86.ActiveCfg = Debug|Win32
		{F6A0F4D9-E470-42BA-9C57-F9FD95C01C6A}.Debug|x86.Build.0 = Debug|Win32
		{F6A0F4D9-E470-42BA-9C57-F9FD95C01C6A}.Release|x64.ActiveCfg = Release|x64
		{F6A0F4D9-E470-42BA-9C57-F9FD95C01C6A}.Release|x64.Build.0 = Release|x64
		{F6A0F4D9-E470-42BA-9C57-F9FD95C01C6A}.Release|x86.ActiveCfg = Release|Win32
		{F6A0F4D9-E470-42BA-9C57-F9FD95C01C6A}.Release|x86.Build.0 = Release|Win32
		{7628CEAD-492C-4E8A-BF05-39E2EC369B05}.Debug|x64.ActiveCfg = Debug|x64
		{7628CEAD-492C-4E8A-BF05-39E2EC369B05}.Debug|x64.Build.0 = Debug|x64
		{7628CEAD-492C-4E8A-BF05-39E2EC369B05}.Debug|x86.ActiveCfg = Debug|Win32
		{7628CEAD-492C-4E8A-BF05-39E2EC369B05}.Debug|x86.Build.0 = Debug|Win32
		{7628CEAD-492C-4E8A-BF05-39E2EC369B05}.Release|x64.ActiveCfg = Release|x64
		{7628CEAD-492C-4E8A-BF05-39E2EC369B05}.Release|x64.Build.0 = Release|x64
		{7628CEAD-492C-4E8A-BF05-39E2EC369B05}.Release|x86.ActiveCfg = Release|Win32
		{7628CEAD-492C-4E8A-BF05-39E2EC369B05}.Release|x86.Build.0 = Release|Win32
		{F2323EA4-C437-4A17-A620-799E88D0AD89}.Debug|x64.ActiveCfg = Debug|x64
		{F2323EA4-C437-4A17-A620-799E88D0AD89}.Debug|x64.Build.0 = Debug|x64
		{F2323EA4-C437-4A17-A620-799E88D0AD89}.Debug|x86.ActiveCfg = Debug|Win32
		{F2323EA4-C437-4A17-A620-799E88D0AD89}.Debug|x86.Build.0 = Debug|Win32
		{F2323EA4-C437-4A17-A620-799E88D0AD89}.Release|x64.ActiveCfg = Release|x64
		{F2323EA4-C437-4A17-A620-799E88D0AD89}.Release|x64.Build.0 = Release|x64
		{F2323EA4-C437-4A17-A620-799E88D0AD89}.Release|x86.ActiveCfg = Release|Win32
		{F2323EA4-C437-4A17-A620-799E88D0AD89}.Release|x86.Build.0 = Release|Win32
		{3B48CF5B-97C0-43D0-A21F-57377DD93DAF}.Debug|x64.ActiveCfg = Debug|x64
		{3B48CF5B-97C0-43D0-A21F-57377DD93DAF}.Debug|x64.Build.0 = Debug|x64
		{3B48CF5B-97C0-43D0-A21F-57377DD93DAF}.Debug|x86.ActiveCfg = Debug|Win32
		{3B48CF5B-97C0-43D0-A21F-57377DD93DAF}.Debug|x86.Build.0 = Debug|Win32
		{3B48CF5B-97C0-43D0-A21F-57377DD93DAF}.Release|x64.ActiveCfg = Release|x64
		{3B48CF5B-97C0-43D0-A21F-57377DD93DAF}.Release|x64.Build.0 = Release|x64
		{3B48CF5B-97C0-43D0-A21F-57377DD93DAF}.Release|x86.ActiveCfg = Release|Win32
		{3B48CF5B-97C0-43D0-A21F-57377DD93DAF}.Release|x86.Build.0 = Release|Win32
		{0A189A93-B2C6-4C2C-9F31-F764C995D2D9}.Debug|x64.ActiveCfg = Debug|x64
		{0A189A93-B2C6-4C2C-9F31-F764C995D2D9}.Debug|x64.Build.0 = Debug|x64
		{0A189A93-B2C6-4C2C-9F31-F764C995D2D9}.Debug|x86.ActiveCfg = Debug|Win32
		{0A189A93-B2C6-4C2C-9F31-F764C995D2D9}.Debug|x86.Build.0 = Debug|Win32
		{0A189A93-B2C6-4C2C-9F31-F764C995D2D9}.Release|x64.ActiveCfg = Release|x64
		{0A189A93-B2C6-4C2C-9F31-F764C995D2D9}.Release|x64.Build.0 = Release|x64
		{0A189A93-B2C6-4C2C-9F31-F764C995D2D9}.Release|x86.ActiveCfg = Release|Win32
		{0A189A93-B2C6-4C2C-9F31-F764C995D2D9}.Release|x86.Build.0 = Release|Win32
		{14BE552E-A4ED-49B7-9301-F43A206AF594}.Debug|x64.ActiveCfg = Debug|x64
		{14BE552E-A4ED-49B7-9301-F43A206AF594}.Debug|x64.Build.0 = Debug|x64
		{14BE552E-A4ED-49B7-9301-F43A206AF594}.Debug|x86.ActiveCfg = Debug|Win32
		{14BE552E-A4ED-49B7-9301-F43A206AF594}.Debug|x86.Build.0 = Debug|Win32
		{14BE552E-A4ED-49B7-9301-F43A206AF594}.Release|x64.ActiveCfg = Release|x64
		{14BE552E-A4ED-49B7-9301-F43A206AF594}.Release|x64.Build.0 = Release|x64
		{14BE552E-A4ED-49B7-9301-F43A206AF594}.Release|x86.ActiveCfg = Release|Win32
		{14BE552E-A4ED-49B7-9301-F43A206AF594}.Release|x86.Build.0 = Release|Win32
	EndGlobalSection
	GlobalSection(SolutionProperties) = preSolution
		HideSolutionNode = FALSE
	EndGlobalSection
	GlobalSection(NestedProjects) = preSolution
		{F2323EA4-C437-4A17-A620-799E88D0AD89} = {64CE4F25-D729-4B44-B1C4-6B8D369A9B4C}
		{3B48CF5B-97C0-43D0-A21F-57377DD93DAF} = {64CE4F25-D729-4B44-B1C4-6B8D369A9B4C}
		{0A189A93-B2C6-4C2C-9F31-F764C995D2D9} = {64CE4F25-D729-4B44-B1C4-6B8D369A9B4C}
		{14BE552E-A4ED-49B7-9301-F43A206AF594} = {64CE4F25-D729-4B44-B1C4-6B8D369A9B4C}
	EndGlobalSection
EndGlobal
