<?xml version="1.0" encoding="utf-8"?>
<Project ToolsVersion="4.0" xmlns="http://schemas.microsoft.com/developer/msbuild/2003">
  <ItemGroup>
    <ClInclude Include="Window.hpp">
      <Filter>Window</Filter>
    </ClInclude>
    <ClInclude Include="Functions.hpp">
      <Filter>Functions</Filter>
    </ClInclude>
    <ClInclude Include="MyOpenGL.hpp">
      <Filter>Headers</Filter>
    </ClInclude>
    <ClInclude Include="OpenGL_header.h">
      <Filter>Headers</Filter>
    </ClInclude>
    <ClInclude Include="Program.hpp">
      <Filter>Program</Filter>
    </ClInclude>
    <ClInclude Include="Shader.hpp">
      <Filter>Program</Filter>
    </ClInclude>
    <ClInclude Include="Enums.hpp">
      <Filter>Headers</Filter>
    </ClInclude>
  </ItemGroup>
  <ItemGroup>
    <ClCompile Include="Window.cpp">
      <Filter>Window</Filter>
    </ClCompile>
    <ClCompile Include="Functions.cpp">
      <Filter>Functions</Filter>
    </ClCompile>
    <ClCompile Include="Program.cpp">
      <Filter>Program</Filter>
    </ClCompile>
    <ClCompile Include="Shader.cpp">
      <Filter>Program</Filter>
    </ClCompile>
  </ItemGroup>
  <ItemGroup>
    <Filter Include="Window">
      <UniqueIdentifier>{b985cc2e-c9c4-4ed3-b2b2-63de1b5504ee}</UniqueIdentifier>
    </Filter>
    <Filter Include="Functions">
      <UniqueIdentifier>{a42658e2-e46a-444f-9f0c-cb6bc1f234b7}</UniqueIdentifier>
    </Filter>
    <Filter Include="Headers">
      <UniqueIdentifier>{e10e377d-cdce-4944-bb2f-260bc464ff6c}</UniqueIdentifier>
    </Filter>
    <Filter Include="Program">
      <UniqueIdentifier>{8997b2af-53e5-4584-b48b-443ecfb0023d}</UniqueIdentifier>
    </Filter>
  </ItemGroup>
</Project>